
Microsoft Visual Studio Solution File, Format Version 12.00
# Visual Studio Version 16
VisualStudioVersion = 16.0.30621.155
MinimumVisualStudioVersion = 10.0.40219.1
Project("{9A19103F-16F7-4668-BE54-9A1E7A4F7556}") = "danielp-code.RockPaperScicsors", "danielp-code.RockPaperScicsors\danielp-code.RockPaperScicsors.csproj", "{1261D8A1-EC91-4259-9DE5-AB98BE14CE64}"
EndProject
Project("{9A19103F-16F7-4668-BE54-9A1E7A4F7556}") = "Acronymalizer", "Acronymalizer\Acronymalizer.csproj", "{97807AEB-1C12-4EA4-BACE-EA831B562E0E}"
EndProject
Project("{9A19103F-16F7-4668-BE54-9A1E7A4F7556}") = "Bank", "Bank\Bank.csproj", "{AF48AF96-7C82-4226-93AB-C1021BD1408E}"
EndProject
Project("{9A19103F-16F7-4668-BE54-9A1E7A4F7556}") = "project", "FirstDotNetProj\project.csproj", "{45D0BD25-781E-40A2-9733-886FDAF170E1}"
EndProject
Project("{9A19103F-16F7-4668-BE54-9A1E7A4F7556}") = "SecondProject", "SecondDotNet\SecondProject\SecondProject.csproj", "{E86C8494-CE7B-42C3-9D8C-0F8E30F83E4F}"
EndProject
Project("{FAE04EC0-301F-11D3-BF4B-00C04F79EFBC}") = "HelloAspNetCore", "HelloAspNetCore\HelloAspNetCore.csproj", "{14A900A4-7BAF-4815-8FD1-EB1DEDD8C264}"
EndProject
Project("{FAE04EC0-301F-11D3-BF4B-00C04F79EFBC}") = "ASP.NETThing1", "ASP.NETThing1\ASP.NETThing1.csproj", "{49B1C8DF-E4CC-4F0D-A97F-213D106DC154}"
EndProject
Global
	GlobalSection(SolutionConfigurationPlatforms) = preSolution
		Debug|Any CPU = Debug|Any CPU
		Release|Any CPU = Release|Any CPU
	EndGlobalSection
	GlobalSection(ProjectConfigurationPlatforms) = postSolution
		{1261D8A1-EC91-4259-9DE5-AB98BE14CE64}.Debug|Any CPU.ActiveCfg = Debug|Any CPU
		{1261D8A1-EC91-4259-9DE5-AB98BE14CE64}.Debug|Any CPU.Build.0 = Debug|Any CPU
		{1261D8A1-EC91-4259-9DE5-AB98BE14CE64}.Release|Any CPU.ActiveCfg = Release|Any CPU
		{1261D8A1-EC91-4259-9DE5-AB98BE14CE64}.Release|Any CPU.Build.0 = Release|Any CPU
		{97807AEB-1C12-4EA4-BACE-EA831B562E0E}.Debug|Any CPU.ActiveCfg = Debug|Any CPU
		{97807AEB-1C12-4EA4-BACE-EA831B562E0E}.Debug|Any CPU.Build.0 = Debug|Any CPU
		{97807AEB-1C12-4EA4-BACE-EA831B562E0E}.Release|Any CPU.ActiveCfg = Release|Any CPU
		{97807AEB-1C12-4EA4-BACE-EA831B562E0E}.Release|Any CPU.Build.0 = Release|Any CPU
		{AF48AF96-7C82-4226-93AB-C1021BD1408E}.Debug|Any CPU.ActiveCfg = Debug|Any CPU
		{AF48AF96-7C82-4226-93AB-C1021BD1408E}.Debug|Any CPU.Build.0 = Debug|Any CPU
		{AF48AF96-7C82-4226-93AB-C1021BD1408E}.Release|Any CPU.ActiveCfg = Release|Any CPU
		{AF48AF96-7C82-4226-93AB-C1021BD1408E}.Release|Any CPU.Build.0 = Release|Any CPU
		{45D0BD25-781E-40A2-9733-886FDAF170E1}.Debug|Any CPU.ActiveCfg = Debug|Any CPU
		{45D0BD25-781E-40A2-9733-886FDAF170E1}.Debug|Any CPU.Build.0 = Debug|Any CPU
		{45D0BD25-781E-40A2-9733-886FDAF170E1}.Release|Any CPU.ActiveCfg = Release|Any CPU
		{45D0BD25-781E-40A2-9733-886FDAF170E1}.Release|Any CPU.Build.0 = Release|Any CPU
		{E86C8494-CE7B-42C3-9D8C-0F8E30F83E4F}.Debug|Any CPU.ActiveCfg = Debug|Any CPU
		{E86C8494-CE7B-42C3-9D8C-0F8E30F83E4F}.Debug|Any CPU.Build.0 = Debug|Any CPU
		{E86C8494-CE7B-42C3-9D8C-0F8E30F83E4F}.Release|Any CPU.ActiveCfg = Release|Any CPU
		{E86C8494-CE7B-42C3-9D8C-0F8E30F83E4F}.Release|Any CPU.Build.0 = Release|Any CPU
		{14A900A4-7BAF-4815-8FD1-EB1DEDD8C264}.Debug|Any CPU.ActiveCfg = Debug|Any CPU
		{14A900A4-7BAF-4815-8FD1-EB1DEDD8C264}.Debug|Any CPU.Build.0 = Debug|Any CPU
		{14A900A4-7BAF-4815-8FD1-EB1DEDD8C264}.Release|Any CPU.ActiveCfg = Release|Any CPU
		{14A900A4-7BAF-4815-8FD1-EB1DEDD8C264}.Release|Any CPU.Build.0 = Release|Any CPU
		{49B1C8DF-E4CC-4F0D-A97F-213D106DC154}.Debug|Any CPU.ActiveCfg = Debug|Any CPU
		{49B1C8DF-E4CC-4F0D-A97F-213D106DC154}.Debug|Any CPU.Build.0 = Debug|Any CPU
		{49B1C8DF-E4CC-4F0D-A97F-213D106DC154}.Release|Any CPU.ActiveCfg = Release|Any CPU
		{49B1C8DF-E4CC-4F0D-A97F-213D106DC154}.Release|Any CPU.Build.0 = Release|Any CPU
	EndGlobalSection
	GlobalSection(SolutionProperties) = preSolution
		HideSolutionNode = FALSE
	EndGlobalSection
	GlobalSection(ExtensibilityGlobals) = postSolution
		SolutionGuid = {101E5A81-E3CA-49B7-BBCC-33559286B11A}
	EndGlobalSection
EndGlobal
